
Microsoft Visual Studio Solution File, Format Version 12.00
# Visual Studio Version 16
VisualStudioVersion = 16.0.31321.278
MinimumVisualStudioVersion = 10.0.40219.1
Project("{2150E333-8FDC-42A3-9474-1A3956D46DE8}") = "FrontEnd", "FrontEnd", "{B1B5FC77-F0B3-4AF0-96A2-9CF89B5FECFC}"
EndProject
Project("{FAE04EC0-301F-11D3-BF4B-00C04F79EFBC}") = "Mango.Web", "Mango.Web\Mango.Web.csproj", "{9798DFC8-032D-46D3-9A21-2F37331967CF}"
EndProject
Project("{2150E333-8FDC-42A3-9474-1A3956D46DE8}") = "Services", "Services", "{4806E88D-622E-4D3A-8344-ADD6AF32E725}"
EndProject
Project("{FAE04EC0-301F-11D3-BF4B-00C04F79EFBC}") = "Mango.Services.ProductAPI", "Mango.Services.ProductAPI\Mango.Services.ProductAPI.csproj", "{88024D95-0006-4794-8B63-46BEDDB6D506}"
EndProject
Global
	GlobalSection(SolutionConfigurationPlatforms) = preSolution
		Debug|Any CPU = Debug|Any CPU
		Release|Any CPU = Release|Any CPU
	EndGlobalSection
	GlobalSection(ProjectConfigurationPlatforms) = postSolution
		{9798DFC8-032D-46D3-9A21-2F37331967CF}.Debug|Any CPU.ActiveCfg = Debug|Any CPU
		{9798DFC8-032D-46D3-9A21-2F37331967CF}.Debug|Any CPU.Build.0 = Debug|Any CPU
		{9798DFC8-032D-46D3-9A21-2F37331967CF}.Release|Any CPU.ActiveCfg = Release|Any CPU
		{9798DFC8-032D-46D3-9A21-2F37331967CF}.Release|Any CPU.Build.0 = Release|Any CPU
		{88024D95-0006-4794-8B63-46BEDDB6D506}.Debug|Any CPU.ActiveCfg = Debug|Any CPU
		{88024D95-0006-4794-8B63-46BEDDB6D506}.Debug|Any CPU.Build.0 = Debug|Any CPU
		{88024D95-0006-4794-8B63-46BEDDB6D506}.Release|Any CPU.ActiveCfg = Release|Any CPU
		{88024D95-0006-4794-8B63-46BEDDB6D506}.Release|Any CPU.Build.0 = Release|Any CPU
	EndGlobalSection
	GlobalSection(SolutionProperties) = preSolution
		HideSolutionNode = FALSE
	EndGlobalSection
	GlobalSection(NestedProjects) = preSolution
		{9798DFC8-032D-46D3-9A21-2F37331967CF} = {B1B5FC77-F0B3-4AF0-96A2-9CF89B5FECFC}
		{88024D95-0006-4794-8B63-46BEDDB6D506} = {4806E88D-622E-4D3A-8344-ADD6AF32E725}
	EndGlobalSection
	GlobalSection(ExtensibilityGlobals) = postSolution
		SolutionGuid = {300225F0-FED5-4BAC-AE35-0D1CB36509EF}
	EndGlobalSection
EndGlobal
